// !$*UTF8*$!
{
	archiveVersion = 1;
	classes = {
	};
	objectVersion = 50;
	objects = {

/* Begin PBXBuildFile section */
		B6D4476029115ED000F878F3 /* swiftuitestApp.swift in Sources */ = {isa = PBXBuildFile; fileRef = B6D4475F29115ED000F878F3 /* swiftuitestApp.swift */; };
		B6D4476229115ED000F878F3 /* ContentView.swift in Sources */ = {isa = PBXBuildFile; fileRef = B6D4476129115ED000F878F3 /* ContentView.swift */; };
		B6D4476429115ED300F878F3 /* Assets.xcassets in Resources */ = {isa = PBXBuildFile; fileRef = B6D4476329115ED300F878F3 /* Assets.xcassets */; };
		B6D4476729115ED300F878F3 /* Preview Assets.xcassets in Resources */ = {isa = PBXBuildFile; fileRef = B6D4476629115ED300F878F3 /* Preview Assets.xcassets */; };
		B6D4477229115ED300F878F3 /* swiftuitestTests.swift in Sources */ = {isa = PBXBuildFile; fileRef = B6D4477129115ED300F878F3 /* swiftuitestTests.swift */; };
		B6D4477D29115ED300F878F3 /* swiftuitestUITests.swift in Sources */ = {isa = PBXBuildFile; fileRef = B6D4477C29115ED300F878F3 /* swiftuitestUITests.swift */; };
		B6D4478E291E9B4200F878F3 /* CustomPhotoPickerView.swift in Sources */ = {isa = PBXBuildFile; fileRef = B6D4478D291E9B4200F878F3 /* CustomPhotoPickerView.swift */; };
/* End PBXBuildFile section */

/* Begin PBXContainerItemProxy section */
		B6D4476E29115ED300F878F3 /* PBXContainerItemProxy */ = {
			isa = PBXContainerItemProxy;
			containerPortal = B6D4475429115ED000F878F3 /* Project object */;
			proxyType = 1;
			remoteGlobalIDString = B6D4475B29115ED000F878F3;
			remoteInfo = swiftuitest;
		};
		B6D4477929115ED300F878F3 /* PBXContainerItemProxy */ = {
			isa = PBXContainerItemProxy;
			containerPortal = B6D4475429115ED000F878F3 /* Project object */;
			proxyType = 1;
			remoteGlobalIDString = B6D4475B29115ED000F878F3;
			remoteInfo = swiftuitest;
		};
/* End PBXContainerItemProxy section */

/* Begin PBXFileReference section */
		B6D4475C29115ED000F878F3 /* swiftuitest.app */ = {isa = PBXFileReference; explicitFileType = wrapper.application; includeInIndex = 0; path = swiftuitest.app; sourceTree = BUILT_PRODUCTS_DIR; };
		B6D4475F29115ED000F878F3 /* swiftuitestApp.swift */ = {isa = PBXFileReference; lastKnownFileType = sourcecode.swift; path = swiftuitestApp.swift; sourceTree = "<group>"; };
		B6D4476129115ED000F878F3 /* ContentView.swift */ = {isa = PBXFileReference; lastKnownFileType = sourcecode.swift; path = ContentView.swift; sourceTree = "<group>"; };
		B6D4476329115ED300F878F3 /* Assets.xcassets */ = {isa = PBXFileReference; lastKnownFileType = folder.assetcatalog; path = Assets.xcassets; sourceTree = "<group>"; };
		B6D4476629115ED300F878F3 /* Preview Assets.xcassets */ = {isa = PBXFileReference; lastKnownFileType = folder.assetcatalog; path = "Preview Assets.xcassets"; sourceTree = "<group>"; };
		B6D4476829115ED300F878F3 /* Info.plist */ = {isa = PBXFileReference; lastKnownFileType = text.plist.xml; path = Info.plist; sourceTree = "<group>"; };
		B6D4476D29115ED300F878F3 /* swiftuitestTests.xctest */ = {isa = PBXFileReference; explicitFileType = wrapper.cfbundle; includeInIndex = 0; path = swiftuitestTests.xctest; sourceTree = BUILT_PRODUCTS_DIR; };
		B6D4477129115ED300F878F3 /* swiftuitestTests.swift */ = {isa = PBXFileReference; lastKnownFileType = sourcecode.swift; path = swiftuitestTests.swift; sourceTree = "<group>"; };
		B6D4477329115ED300F878F3 /* Info.plist */ = {isa = PBXFileReference; lastKnownFileType = text.plist.xml; path = Info.plist; sourceTree = "<group>"; };
		B6D4477829115ED300F878F3 /* swiftuitestUITests.xctest */ = {isa = PBXFileReference; explicitFileType = wrapper.cfbundle; includeInIndex = 0; path = swiftuitestUITests.xctest; sourceTree = BUILT_PRODUCTS_DIR; };
		B6D4477C29115ED300F878F3 /* swiftuitestUITests.swift */ = {isa = PBXFileReference; lastKnownFileType = sourcecode.swift; path = swiftuitestUITests.swift; sourceTree = "<group>"; };
		B6D4477E29115ED300F878F3 /* Info.plist */ = {isa = PBXFileReference; lastKnownFileType = text.plist.xml; path = Info.plist; sourceTree = "<group>"; };
		B6D4478D291E9B4200F878F3 /* CustomPhotoPickerView.swift */ = {isa = PBXFileReference; lastKnownFileType = sourcecode.swift; path = CustomPhotoPickerView.swift; sourceTree = "<group>"; };
/* End PBXFileReference section */

/* Begin PBXFrameworksBuildPhase section */
		B6D4475929115ED000F878F3 /* Frameworks */ = {
			isa = PBXFrameworksBuildPhase;
			buildActionMask = 2147483647;
			files = (
			);
			runOnlyForDeploymentPostprocessing = 0;
		};
		B6D4476A29115ED300F878F3 /* Frameworks */ = {
			isa = PBXFrameworksBuildPhase;
			buildActionMask = 2147483647;
			files = (
			);
			runOnlyForDeploymentPostprocessing = 0;
		};
		B6D4477529115ED300F878F3 /* Frameworks */ = {
			isa = PBXFrameworksBuildPhase;
			buildActionMask = 2147483647;
			files = (
			);
			runOnlyForDeploymentPostprocessing = 0;
		};
/* End PBXFrameworksBuildPhase section */

/* Begin PBXGroup section */
		B6D4475329115ED000F878F3 = {
			isa = PBXGroup;
			children = (
				B6D4475E29115ED000F878F3 /* swiftuitest */,
				B6D4477029115ED300F878F3 /* swiftuitestTests */,
				B6D4477B29115ED300F878F3 /* swiftuitestUITests */,
				B6D4475D29115ED000F878F3 /* Products */,
			);
			sourceTree = "<group>";
		};
		B6D4475D29115ED000F878F3 /* Products */ = {
			isa = PBXGroup;
			children = (
				B6D4475C29115ED000F878F3 /* swiftuitest.app */,
				B6D4476D29115ED300F878F3 /* swiftuitestTests.xctest */,
				B6D4477829115ED300F878F3 /* swiftuitestUITests.xctest */,
			);
			name = Products;
			sourceTree = "<group>";
		};
		B6D4475E29115ED000F878F3 /* swiftuitest */ = {
			isa = PBXGroup;
			children = (
				B6D4475F29115ED000F878F3 /* swiftuitestApp.swift */,
				B6D4476129115ED000F878F3 /* ContentView.swift */,
				B6D4476329115ED300F878F3 /* Assets.xcassets */,
				B6D4476829115ED300F878F3 /* Info.plist */,
				B6D4476529115ED300F878F3 /* Preview Content */,
				B6D4478D291E9B4200F878F3 /* CustomPhotoPickerView.swift */,
			);
			path = swiftuitest;
			sourceTree = "<group>";
		};
		B6D4476529115ED300F878F3 /* Preview Content */ = {
			isa = PBXGroup;
			children = (
				B6D4476629115ED300F878F3 /* Preview Assets.xcassets */,
			);
			path = "Preview Content";
			sourceTree = "<group>";
		};
		B6D4477029115ED300F878F3 /* swiftuitestTests */ = {
			isa = PBXGroup;
			children = (
				B6D4477129115ED300F878F3 /* swiftuitestTests.swift */,
				B6D4477329115ED300F878F3 /* Info.plist */,
			);
			path = swiftuitestTests;
			sourceTree = "<group>";
		};
		B6D4477B29115ED300F878F3 /* swiftuitestUITests */ = {
			isa = PBXGroup;
			children = (
				B6D4477C29115ED300F878F3 /* swiftuitestUITests.swift */,
				B6D4477E29115ED300F878F3 /* Info.plist */,
			);
			path = swiftuitestUITests;
			sourceTree = "<group>";
		};
/* End PBXGroup section */

/* Begin PBXNativeTarget section */
		B6D4475B29115ED000F878F3 /* swiftuitest */ = {
			isa = PBXNativeTarget;
			buildConfigurationList = B6D4478129115ED300F878F3 /* Build configuration list for PBXNativeTarget "swiftuitest" */;
			buildPhases = (
				B6D4475829115ED000F878F3 /* Sources */,
				B6D4475929115ED000F878F3 /* Frameworks */,
				B6D4475A29115ED000F878F3 /* Resources */,
			);
			buildRules = (
			);
			dependencies = (
			);
			name = swiftuitest;
			productName = swiftuitest;
			productReference = B6D4475C29115ED000F878F3 /* swiftuitest.app */;
			productType = "com.apple.product-type.application";
		};
		B6D4476C29115ED300F878F3 /* swiftuitestTests */ = {
			isa = PBXNativeTarget;
			buildConfigurationList = B6D4478429115ED300F878F3 /* Build configuration list for PBXNativeTarget "swiftuitestTests" */;
			buildPhases = (
				B6D4476929115ED300F878F3 /* Sources */,
				B6D4476A29115ED300F878F3 /* Frameworks */,
				B6D4476B29115ED300F878F3 /* Resources */,
			);
			buildRules = (
			);
			dependencies = (
				B6D4476F29115ED300F878F3 /* PBXTargetDependency */,
			);
			name = swiftuitestTests;
			productName = swiftuitestTests;
			productReference = B6D4476D29115ED300F878F3 /* swiftuitestTests.xctest */;
			productType = "com.apple.product-type.bundle.unit-test";
		};
		B6D4477729115ED300F878F3 /* swiftuitestUITests */ = {
			isa = PBXNativeTarget;
			buildConfigurationList = B6D4478729115ED300F878F3 /* Build configuration list for PBXNativeTarget "swiftuitestUITests" */;
			buildPhases = (
				B6D4477429115ED300F878F3 /* Sources */,
				B6D4477529115ED300F878F3 /* Frameworks */,
				B6D4477629115ED300F878F3 /* Resources */,
			);
			buildRules = (
			);
			dependencies = (
				B6D4477A29115ED300F878F3 /* PBXTargetDependency */,
			);
			name = swiftuitestUITests;
			productName = swiftuitestUITests;
			productReference = B6D4477829115ED300F878F3 /* swiftuitestUITests.xctest */;
			productType = "com.apple.product-type.bundle.ui-testing";
		};
/* End PBXNativeTarget section */

/* Begin PBXProject section */
		B6D4475429115ED000F878F3 /* Project object */ = {
			isa = PBXProject;
			attributes = {
				LastSwiftUpdateCheck = 1240;
				LastUpgradeCheck = 1240;
				TargetAttributes = {
					B6D4475B29115ED000F878F3 = {
						CreatedOnToolsVersion = 12.4;
					};
					B6D4476C29115ED300F878F3 = {
						CreatedOnToolsVersion = 12.4;
						TestTargetID = B6D4475B29115ED000F878F3;
					};
					B6D4477729115ED300F878F3 = {
						CreatedOnToolsVersion = 12.4;
						TestTargetID = B6D4475B29115ED000F878F3;
					};
				};
			};
			buildConfigurationList = B6D4475729115ED000F878F3 /* Build configuration list for PBXProject "swiftuitest" */;
			compatibilityVersion = "Xcode 9.3";
			developmentRegion = en;
			hasScannedForEncodings = 0;
			knownRegions = (
				en,
				Base,
			);
			mainGroup = B6D4475329115ED000F878F3;
			productRefGroup = B6D4475D29115ED000F878F3 /* Products */;
			projectDirPath = "";
			projectRoot = "";
			targets = (
				B6D4475B29115ED000F878F3 /* swiftuitest */,
				B6D4476C29115ED300F878F3 /* swiftuitestTests */,
				B6D4477729115ED300F878F3 /* swiftuitestUITests */,
			);
		};
/* End PBXProject section */

/* Begin PBXResourcesBuildPhase section */
		B6D4475A29115ED000F878F3 /* Resources */ = {
			isa = PBXResourcesBuildPhase;
			buildActionMask = 2147483647;
			files = (
				B6D4476729115ED300F878F3 /* Preview Assets.xcassets in Resources */,
				B6D4476429115ED300F878F3 /* Assets.xcassets in Resources */,
			);
			runOnlyForDeploymentPostprocessing = 0;
		};
		B6D4476B29115ED300F878F3 /* Resources */ = {
			isa = PBXResourcesBuildPhase;
			buildActionMask = 2147483647;
			files = (
			);
			runOnlyForDeploymentPostprocessing = 0;
		};
		B6D4477629115ED300F878F3 /* Resources */ = {
			isa = PBXResourcesBuildPhase;
			buildActionMask = 2147483647;
			files = (
			);
			runOnlyForDeploymentPostprocessing = 0;
		};
/* End PBXResourcesBuildPhase section */

/* Begin PBXSourcesBuildPhase section */
		B6D4475829115ED000F878F3 /* Sources */ = {
			isa = PBXSourcesBuildPhase;
			buildActionMask = 2147483647;
			files = (
				B6D4478E291E9B4200F878F3 /* CustomPhotoPickerView.swift in Sources */,
				B6D4476229115ED000F878F3 /* ContentView.swift in Sources */,
				B6D4476029115ED000F878F3 /* swiftuitestApp.swift in Sources */,
			);
			runOnlyForDeploymentPostprocessing = 0;
		};
		B6D4476929115ED300F878F3 /* Sources */ = {
			isa = PBXSourcesBuildPhase;
			buildActionMask = 2147483647;
			files = (
				B6D4477229115ED300F878F3 /* swiftuitestTests.swift in Sources */,
			);
			runOnlyForDeploymentPostprocessing = 0;
		};
		B6D4477429115ED300F878F3 /* Sources */ = {
			isa = PBXSourcesBuildPhase;
			buildActionMask = 2147483647;
			files = (
				B6D4477D29115ED300F878F3 /* swiftuitestUITests.swift in Sources */,
			);
			runOnlyForDeploymentPostprocessing = 0;
		};
/* End PBXSourcesBuildPhase section */

/* Begin PBXTargetDependency section */
		B6D4476F29115ED300F878F3 /* PBXTargetDependency */ = {
			isa = PBXTargetDependency;
			target = B6D4475B29115ED000F878F3 /* swiftuitest */;
			targetProxy = B6D4476E29115ED300F878F3 /* PBXContainerItemProxy */;
		};
		B6D4477A29115ED300F878F3 /* PBXTargetDependency */ = {
			isa = PBXTargetDependency;
			target = B6D4475B29115ED000F878F3 /* swiftuitest */;
			targetProxy = B6D4477929115ED300F878F3 /* PBXContainerItemProxy */;
		};
/* End PBXTargetDependency section */

/* Begin XCBuildConfiguration section */
		B6D4477F29115ED300F878F3 /* Debug */ = {
			isa = XCBuildConfiguration;
			buildSettings = {
				ALWAYS_SEARCH_USER_PATHS = NO;
				CLANG_ANALYZER_NONNULL = YES;
				CLANG_ANALYZER_NUMBER_OBJECT_CONVERSION = YES_AGGRESSIVE;
				CLANG_CXX_LANGUAGE_STANDARD = "gnu++14";
				CLANG_CXX_LIBRARY = "libc++";
				CLANG_ENABLE_MODULES = YES;
				CLANG_ENABLE_OBJC_ARC = YES;
				CLANG_ENABLE_OBJC_WEAK = YES;
				CLANG_WARN_BLOCK_CAPTURE_AUTORELEASING = YES;
				CLANG_WARN_BOOL_CONVERSION = YES;
				CLANG_WARN_COMMA = YES;
				CLANG_WARN_CONSTANT_CONVERSION = YES;
				CLANG_WARN_DEPRECATED_OBJC_IMPLEMENTATIONS = YES;
				CLANG_WARN_DIRECT_OBJC_ISA_USAGE = YES_ERROR;
				CLANG_WARN_DOCUMENTATION_COMMENTS = YES;
				CLANG_WARN_EMPTY_BODY = YES;
				CLANG_WARN_ENUM_CONVERSION = YES;
				CLANG_WARN_INFINITE_RECURSION = YES;
				CLANG_WARN_INT_CONVERSION = YES;
				CLANG_WARN_NON_LITERAL_NULL_CONVERSION = YES;
				CLANG_WARN_OBJC_IMPLICIT_RETAIN_SELF = YES;
				CLANG_WARN_OBJC_LITERAL_CONVERSION = YES;
				CLANG_WARN_OBJC_ROOT_CLASS = YES_ERROR;
				CLANG_WARN_QUOTED_INCLUDE_IN_FRAMEWORK_HEADER = YES;
				CLANG_WARN_RANGE_LOOP_ANALYSIS = YES;
				CLANG_WARN_STRICT_PROTOTYPES = YES;
				CLANG_WARN_SUSPICIOUS_MOVE = YES;
				CLANG_WARN_UNGUARDED_AVAILABILITY = YES_AGGRESSIVE;
				CLANG_WARN_UNREACHABLE_CODE = YES;
				CLANG_WARN__DUPLICATE_METHOD_MATCH = YES;
				COPY_PHASE_STRIP = NO;
				DEBUG_INFORMATION_FORMAT = dwarf;
				ENABLE_STRICT_OBJC_MSGSEND = YES;
				ENABLE_TESTABILITY = YES;
				GCC_C_LANGUAGE_STANDARD = gnu11;
				GCC_DYNAMIC_NO_PIC = NO;
				GCC_NO_COMMON_BLOCKS = YES;
				GCC_OPTIMIZATION_LEVEL = 0;
				GCC_PREPROCESSOR_DEFINITIONS = (
					"DEBUG=1",
					"$(inherited)",
				);
				GCC_WARN_64_TO_32_BIT_CONVERSION = YES;
				GCC_WARN_ABOUT_RETURN_TYPE = YES_ERROR;
				GCC_WARN_UNDECLARED_SELECTOR = YES;
				GCC_WARN_UNINITIALIZED_AUTOS = YES_AGGRESSIVE;
				GCC_WARN_UNUSED_FUNCTION = YES;
				GCC_WARN_UNUSED_VARIABLE = YES;
				IPHONEOS_DEPLOYMENT_TARGET = 14.4;
				MTL_ENABLE_DEBUG_INFO = INCLUDE_SOURCE;
				MTL_FAST_MATH = YES;
				ONLY_ACTIVE_ARCH = YES;
				SDKROOT = iphoneos;
				SWIFT_ACTIVE_COMPILATION_CONDITIONS = DEBUG;
				SWIFT_OPTIMIZATION_LEVEL = "-Onone";
			};
			name = Debug;
		};
		B6D4478029115ED300F878F3 /* Release */ = {
			isa = XCBuildConfiguration;
			buildSettings = {
				ALWAYS_SEARCH_USER_PATHS = NO;
				CLANG_ANALYZER_NONNULL = YES;
				CLANG_ANALYZER_NUMBER_OBJECT_CONVERSION = YES_AGGRESSIVE;
				CLANG_CXX_LANGUAGE_STANDARD = "gnu++14";
				CLANG_CXX_LIBRARY = "libc++";
				CLANG_ENABLE_MODULES = YES;
				CLANG_ENABLE_OBJC_ARC = YES;
				CLANG_ENABLE_OBJC_WEAK = YES;
				CLANG_WARN_BLOCK_CAPTURE_AUTORELEASING = YES;
				CLANG_WARN_BOOL_CONVERSION = YES;
				CLANG_WARN_COMMA = YES;
				CLANG_WARN_CONSTANT_CONVERSION = YES;
				CLANG_WARN_DEPRECATED_OBJC_IMPLEMENTATIONS = YES;
				CLANG_WARN_DIRECT_OBJC_ISA_USAGE = YES_ERROR;
				CLANG_WARN_DOCUMENTATION_COMMENTS = YES;
				CLANG_WARN_EMPTY_BODY = YES;
				CLANG_WARN_ENUM_CONVERSION = YES;
				CLANG_WARN_INFINITE_RECURSION = YES;
				CLANG_WARN_INT_CONVERSION = YES;
				CLANG_WARN_NON_LITERAL_NULL_CONVERSION = YES;
				CLANG_WARN_OBJC_IMPLICIT_RETAIN_SELF = YES;
				CLANG_WARN_OBJC_LITERAL_CONVERSION = YES;
				CLANG_WARN_OBJC_ROOT_CLASS = YES_ERROR;
				CLANG_WARN_QUOTED_INCLUDE_IN_FRAMEWORK_HEADER = YES;
				CLANG_WARN_RANGE_LOOP_ANALYSIS = YES;
				CLANG_WARN_STRICT_PROTOTYPES = YES;
				CLANG_WARN_SUSPICIOUS_MOVE = YES;
				CLANG_WARN_UNGUARDED_AVAILABILITY = YES_AGGRESSIVE;
				CLANG_WARN_UNREACHABLE_CODE = YES;
				CLANG_WARN__DUPLICATE_METHOD_MATCH = YES;
				COPY_PHASE_STRIP = NO;
				DEBUG_INFORMATION_FORMAT = "dwarf-with-dsym";
				ENABLE_NS_ASSERTIONS = NO;
				ENABLE_STRICT_OBJC_MSGSEND = YES;
				GCC_C_LANGUAGE_STANDARD = gnu11;
				GCC_NO_COMMON_BLOCKS = YES;
				GCC_WARN_64_TO_32_BIT_CONVERSION = YES;
				GCC_WARN_ABOUT_RETURN_TYPE = YES_ERROR;
				GCC_WARN_UNDECLARED_SELECTOR = YES;
				GCC_WARN_UNINITIALIZED_AUTOS = YES_AGGRESSIVE;
				GCC_WARN_UNUSED_FUNCTION = YES;
				GCC_WARN_UNUSED_VARIABLE = YES;
				IPHONEOS_DEPLOYMENT_TARGET = 14.4;
				MTL_ENABLE_DEBUG_INFO = NO;
				MTL_FAST_MATH = YES;
				SDKROOT = iphoneos;
				SWIFT_COMPILATION_MODE = wholemodule;
				SWIFT_OPTIMIZATION_LEVEL = "-O";
				VALIDATE_PRODUCT = YES;
			};
			name = Release;
		};
		B6D4478229115ED300F878F3 /* Debug */ = {
			isa = XCBuildConfiguration;
			buildSettings = {
				ASSETCATALOG_COMPILER_APPICON_NAME = AppIcon;
				ASSETCATALOG_COMPILER_GLOBAL_ACCENT_COLOR_NAME = AccentColor;
				CODE_SIGN_STYLE = Automatic;
				DEVELOPMENT_ASSET_PATHS = "\"swiftuitest/Preview Content\"";
				ENABLE_PREVIEWS = YES;
				INFOPLIST_FILE = swiftuitest/Info.plist;
				IPHONEOS_DEPLOYMENT_TARGET = 14.0;
				LD_RUNPATH_SEARCH_PATHS = (
					"$(inherited)",
					"@executable_path/Frameworks",
				);
				PRODUCT_BUNDLE_IDENTIFIER = com.aloha.swiftuitest;
				PRODUCT_NAME = "$(TARGET_NAME)";
				SWIFT_VERSION = 5.0;
				TARGETED_DEVICE_FAMILY = "1,2";
			};
			name = Debug;
		};
		B6D4478329115ED300F878F3 /* Release */ = {
			isa = XCBuildConfiguration;
			buildSettings = {
				ASSETCATALOG_COMPILER_APPICON_NAME = AppIcon;
				ASSETCATALOG_COMPILER_GLOBAL_ACCENT_COLOR_NAME = AccentColor;
				CODE_SIGN_STYLE = Automatic;
				DEVELOPMENT_ASSET_PATHS = "\"swiftuitest/Preview Content\"";
				ENABLE_PREVIEWS = YES;
				INFOPLIST_FILE = swiftuitest/Info.plist;
				IPHONEOS_DEPLOYMENT_TARGET = 14.0;
				LD_RUNPATH_SEARCH_PATHS = (
					"$(inherited)",
					"@executable_path/Frameworks",
				);
				PRODUCT_BUNDLE_IDENTIFIER = com.aloha.swiftuitest;
				PRODUCT_NAME = "$(TARGET_NAME)";
				SWIFT_VERSION = 5.0;
				TARGETED_DEVICE_FAMILY = "1,2";
			};
			name = Release;
		};
		B6D4478529115ED300F878F3 /* Debug */ = {
			isa = XCBuildConfiguration;
			buildSettings = {
				ALWAYS_EMBED_SWIFT_STANDARD_LIBRARIES = YES;
				BUNDLE_LOADER = "$(TEST_HOST)";
				CODE_SIGN_STYLE = Automatic;
				INFOPLIST_FILE = swiftuitestTests/Info.plist;
				IPHONEOS_DEPLOYMENT_TARGET = 14.0;
				LD_RUNPATH_SEARCH_PATHS = (
					"$(inherited)",
					"@executable_path/Frameworks",
					"@loader_path/Frameworks",
				);
				PRODUCT_BUNDLE_IDENTIFIER = com.aloha.swiftuitestTests;
				PRODUCT_NAME = "$(TARGET_NAME)";
				SWIFT_VERSION = 5.0;
				TARGETED_DEVICE_FAMILY = "1,2";
				TEST_HOST = "$(BUILT_PRODUCTS_DIR)/swiftuitest.app/swiftuitest";
			};
			name = Debug;
		};
		B6D4478629115ED300F878F3 /* Release */ = {
			isa = XCBuildConfiguration;
			buildSettings = {
				ALWAYS_EMBED_SWIFT_STANDARD_LIBRARIES = YES;
				BUNDLE_LOADER = "$(TEST_HOST)";
				CODE_SIGN_STYLE = Automatic;
				INFOPLIST_FILE = swiftuitestTests/Info.plist;
				IPHONEOS_DEPLOYMENT_TARGET = 14.0;
				LD_RUNPATH_SEARCH_PATHS = (
					"$(inherited)",
					"@executable_path/Frameworks",
					"@loader_path/Frameworks",
				);
				PRODUCT_BUNDLE_IDENTIFIER = com.aloha.swiftuitestTests;
				PRODUCT_NAME = "$(TARGET_NAME)";
				SWIFT_VERSION = 5.0;
				TARGETED_DEVICE_FAMILY = "1,2";
				TEST_HOST = "$(BUILT_PRODUCTS_DIR)/swiftuitest.app/swiftuitest";
			};
			name = Release;
		};
		B6D4478829115ED300F878F3 /* Debug */ = {
			isa = XCBuildConfiguration;
			buildSettings = {
				ALWAYS_EMBED_SWIFT_STANDARD_LIBRARIES = YES;
				CODE_SIGN_STYLE = Automatic;
				INFOPLIST_FILE = swiftuitestUITests/Info.plist;
				LD_RUNPATH_SEARCH_PATHS = (
					"$(inherited)",
					"@executable_path/Frameworks",
					"@loader_path/Frameworks",
				);
				PRODUCT_BUNDLE_IDENTIFIER = com.aloha.swiftuitestUITests;
				PRODUCT_NAME = "$(TARGET_NAME)";
				SWIFT_VERSION = 5.0;
				TARGETED_DEVICE_FAMILY = "1,2";
				TEST_TARGET_NAME = swiftuitest;
			};
			name = Debug;
		};
		B6D4478929115ED300F878F3 /* Release */ = {
			isa = XCBuildConfiguration;
			buildSettings = {
				ALWAYS_EMBED_SWIFT_STANDARD_LIBRARIES = YES;
				CODE_SIGN_STYLE = Automatic;
				INFOPLIST_FILE = swiftuitestUITests/Info.plist;
				LD_RUNPATH_SEARCH_PATHS = (
					"$(inherited)",
					"@executable_path/Frameworks",
					"@loader_path/Frameworks",
				);
				PRODUCT_BUNDLE_IDENTIFIER = com.aloha.swiftuitestUITests;
				PRODUCT_NAME = "$(TARGET_NAME)";
				SWIFT_VERSION = 5.0;
				TARGETED_DEVICE_FAMILY = "1,2";
				TEST_TARGET_NAME = swiftuitest;
			};
			name = Release;
		};
/* End XCBuildConfiguration section */

/* Begin XCConfigurationList section */
		B6D4475729115ED000F878F3 /* Build configuration list for PBXProject "swiftuitest" */ = {
			isa = XCConfigurationList;
			buildConfigurations = (
				B6D4477F29115ED300F878F3 /* Debug */,
				B6D4478029115ED300F878F3 /* Release */,
			);
			defaultConfigurationIsVisible = 0;
			defaultConfigurationName = Release;
		};
		B6D4478129115ED300F878F3 /* Build configuration list for PBXNativeTarget "swiftuitest" */ = {
			isa = XCConfigurationList;
			buildConfigurations = (
				B6D4478229115ED300F878F3 /* Debug */,
				B6D4478329115ED300F878F3 /* Release */,
			);
			defaultConfigurationIsVisible = 0;
			defaultConfigurationName = Release;
		};
		B6D4478429115ED300F878F3 /* Build configuration list for PBXNativeTarget "swiftuitestTests" */ = {
			isa = XCConfigurationList;
			buildConfigurations = (
				B6D4478529115ED300F878F3 /* Debug */,
				B6D4478629115ED300F878F3 /* Release */,
			);
			defaultConfigurationIsVisible = 0;
			defaultConfigurationName = Release;
		};
		B6D4478729115ED300F878F3 /* Build configuration list for PBXNativeTarget "swiftuitestUITests" */ = {
			isa = XCConfigurationList;
			buildConfigurations = (
				B6D4478829115ED300F878F3 /* Debug */,
				B6D4478929115ED300F878F3 /* Release */,
			);
			defaultConfigurationIsVisible = 0;
			defaultConfigurationName = Release;
		};
/* End XCConfigurationList section */
	};
	rootObject = B6D4475429115ED000F878F3 /* Project object */;
}
